{
  "pins" : [
    {
      "identity" : "swift-docc-plugin",
      "kind" : "remoteSourceControl",
      "location" : "https://github.com/apple/swift-docc-plugin",
      "state" : {
        "branch" : "main",
        "revision" : "b46caac86b97ce957eed18d718b6d19e127ae739"
      }
    },
    {
      "identity" : "swift-docc-symbolkit",
      "kind" : "remoteSourceControl",
      "location" : "https://github.com/apple/swift-docc-symbolkit",
      "state" : {
        "branch" : "main",
        "revision" : "318e45f5f884f2e172fbcd00d294af2123fb36d1"
      }
    }
  ],
  "version" : 2
}
